# This file was autogenerated by Stack.
# You should not edit this file by hand.
# For more information, please see the documentation at:
#   https://docs.haskellstack.org/en/stable/lock_files

packages:
- completed:
    cabal-file:
      size: 3844
      sha256: 243d2b91620424c0f3b9dc65266feb89a474dea00c82c216776ac0d3994094e2
    name: jsem
    version: 0.1.3
    git: https://github.com/DaisukeBekki/JSeM.git
    pantry-tree:
      size: 5242
      sha256: a0754da107e97d83631665385d9023635b5568ad116fda5ec91f111b887a9c95
    commit: f7f1bb847c4eb5e37ec54906e61a96a0b427692c
  original:
    git: https://github.com/DaisukeBekki/JSeM.git
    commit: f7f1bb847c4eb5e37ec54906e61a96a0b427692c
snapshots:
- completed:
    size: 523448
    url: https://raw.githubusercontent.com/commercialhaskell/stackage-snapshots/master/lts/14/1.yaml
    sha256: 0045b9bae36c3bb2dd374c29b586389845af1557eea0423958d152fc500d4fbf
  original: lts-14.1
