# This file was autogenerated by Stack.
# You should not edit this file by hand.
# For more information, please see the documentation at:
#   https://docs.haskellstack.org/en/stable/lock_files

packages:
- completed:
    name: jsem
    version: 0.1.4
    git: git@github.com:DaisukeBekki/JSeM.git
    pantry-tree:
      size: 5360
      sha256: e6ae8d999fd1f0d0e715e779f9cb660bb5d11b5a554d7e9e940f6dee7efa699d
    commit: d5705b42006a08aa9dd8d2ea37d29fc7cf5559f6
  original:
    git: git@github.com:DaisukeBekki/JSeM.git
    commit: d5705b42006a08aa9dd8d2ea37d29fc7cf5559f6
- completed:
    name: hasktorch-tools
    version: 0.2.0.0
    git: git@github.com:DaisukeBekki/hasktorch-tools.git
    pantry-tree:
      size: 1879
      sha256: 1fd35d65a133b370b8f9c59e76c662bc2be7948e9cf9be78bf90a726a43fbe34
    commit: 936928cdee27e179a5e3775d146046b107b0eba1
  original:
    git: git@github.com:DaisukeBekki/hasktorch-tools.git
    commit: 936928cdee27e179a5e3775d146046b107b0eba1
snapshots:
- completed:
    size: 489011
    url: https://raw.githubusercontent.com/commercialhaskell/stackage-snapshots/master/lts/15/1.yaml
    sha256: d4ecc42b7125d68e4c3c036a08046ad0cd02ae0d9efbe3af2223a00ff8cc16f3
  original: lts-15.1
